
Microsoft Visual Studio Solution File, Format Version 12.00
# Visual Studio 2017
Project("{FAE04EC0-301F-11D3-BF4B-00C04F79EFBC}") = "JV Driving", "JV Driving.csproj", "{94327032-B649-96CF-6066-5CF17D068B77}"
EndProject
Project("{FAE04EC0-301F-11D3-BF4B-00C04F79EFBC}") = "JV Driving.Plugins", "JV Driving.Plugins.csproj", "{8F472762-B4B2-C798-D2CD-2836A2398B40}"
EndProject
Project("{FAE04EC0-301F-11D3-BF4B-00C04F79EFBC}") = "JV Driving.Editor.Plugins", "JV Driving.Editor.Plugins.csproj", "{54EECEC8-882C-2DA4-87EF-3630A9DBD2AF}"
EndProject
Global
	GlobalSection(SolutionConfigurationPlatforms) = preSolution
		Debug|Any CPU = Debug|Any CPU
		Release|Any CPU = Release|Any CPU
	EndGlobalSection
	GlobalSection(ProjectConfigurationPlatforms) = postSolution
		{94327032-B649-96CF-6066-5CF17D068B77}.Debug|Any CPU.ActiveCfg = Debug|Any CPU
		{94327032-B649-96CF-6066-5CF17D068B77}.Debug|Any CPU.Build.0 = Debug|Any CPU
		{94327032-B649-96CF-6066-5CF17D068B77}.Release|Any CPU.ActiveCfg = Release|Any CPU
		{94327032-B649-96CF-6066-5CF17D068B77}.Release|Any CPU.Build.0 = Release|Any CPU
		{8F472762-B4B2-C798-D2CD-2836A2398B40}.Debug|Any CPU.ActiveCfg = Debug|Any CPU
		{8F472762-B4B2-C798-D2CD-2836A2398B40}.Debug|Any CPU.Build.0 = Debug|Any CPU
		{8F472762-B4B2-C798-D2CD-2836A2398B40}.Release|Any CPU.ActiveCfg = Release|Any CPU
		{8F472762-B4B2-C798-D2CD-2836A2398B40}.Release|Any CPU.Build.0 = Release|Any CPU
		{54EECEC8-882C-2DA4-87EF-3630A9DBD2AF}.Debug|Any CPU.ActiveCfg = Debug|Any CPU
		{54EECEC8-882C-2DA4-87EF-3630A9DBD2AF}.Debug|Any CPU.Build.0 = Debug|Any CPU
		{54EECEC8-882C-2DA4-87EF-3630A9DBD2AF}.Release|Any CPU.ActiveCfg = Release|Any CPU
		{54EECEC8-882C-2DA4-87EF-3630A9DBD2AF}.Release|Any CPU.Build.0 = Release|Any CPU
	EndGlobalSection
	GlobalSection(SolutionProperties) = preSolution
		HideSolutionNode = FALSE
	EndGlobalSection
EndGlobal
